// !$*UTF8*$!
{
	archiveVersion = 1;
	classes = {
	};
	objectVersion = 77;
	objects = {

/* Begin PBXBuildFile section */
		71F6398B6459CC83264AD2E3 /* Constants.swift in Sources */ = {isa = PBXBuildFile; fileRef = 6C0B39830029435A6963D6F0 /* Constants.swift */; };
		A753AD260653977473757790 /* FocusAppApp.swift in Sources */ = {isa = PBXBuildFile; fileRef = BDE14446F0A7CACA48E3313D /* FocusAppApp.swift */; };
		C2FBAC685DC3249691BDB25C /* FocusAppTests.swift in Sources */ = {isa = PBXBuildFile; fileRef = 95F7669E125B6D9A8852951C /* FocusAppTests.swift */; };
		AA000001AA000001AA000001 /* Task.swift in Sources */ = {isa = PBXBuildFile; fileRef = AA000002AA000002AA000002 /* Task.swift */; };
		AA000003AA000003AA000003 /* AISignal.swift in Sources */ = {isa = PBXBuildFile; fileRef = AA000004AA000004AA000004 /* AISignal.swift */; };
		AA000005AA000005AA000005 /* FocusSession.swift in Sources */ = {isa = PBXBuildFile; fileRef = AA000006AA000006AA000006 /* FocusSession.swift */; };
		AA000007AA000007AA000007 /* TaskStoreTests.swift in Sources */ = {isa = PBXBuildFile; fileRef = AA000008AA000008AA000008 /* TaskStoreTests.swift */; };
/* End PBXBuildFile section */

/* Begin PBXContainerItemProxy section */
		8F4CDA64F12A9AAA1E831559 /* PBXContainerItemProxy */ = {
			isa = PBXContainerItemProxy;
			containerPortal = 6B2AD92726867B02147F7C9B /* Project object */;
			proxyType = 1;
			remoteGlobalIDString = 60937B445C328BA93D78F31B;
			remoteInfo = FocusApp;
		};
/* End PBXContainerItemProxy section */

/* Begin PBXFileReference section */
		17E2FF148A09F85B67C525E0 /* Info.plist */ = {isa = PBXFileReference; lastKnownFileType = text.plist; path = Info.plist; sourceTree = "<group>"; };
		3193A8D7CC777A4A7596D083 /* FocusApp.app */ = {isa = PBXFileReference; explicitFileType = wrapper.application; includeInIndex = 0; path = FocusApp.app; sourceTree = BUILT_PRODUCTS_DIR; };
		6C0B39830029435A6963D6F0 /* Constants.swift */ = {isa = PBXFileReference; lastKnownFileType = sourcecode.swift; path = Constants.swift; sourceTree = "<group>"; };
		95F7669E125B6D9A8852951C /* FocusAppTests.swift */ = {isa = PBXFileReference; lastKnownFileType = sourcecode.swift; path = FocusAppTests.swift; sourceTree = "<group>"; };
		BDE14446F0A7CACA48E3313D /* FocusAppApp.swift */ = {isa = PBXFileReference; lastKnownFileType = sourcecode.swift; path = FocusAppApp.swift; sourceTree = "<group>"; };
		CA0973F43928AA7C174EAFB9 /* FocusAppTests.xctest */ = {isa = PBXFileReference; explicitFileType = wrapper.cfbundle; includeInIndex = 0; path = FocusAppTests.xctest; sourceTree = BUILT_PRODUCTS_DIR; };
		AA000002AA000002AA000002 /* Task.swift */ = {isa = PBXFileReference; lastKnownFileType = sourcecode.swift; path = Task.swift; sourceTree = "<group>"; };
		AA000004AA000004AA000004 /* AISignal.swift */ = {isa = PBXFileReference; lastKnownFileType = sourcecode.swift; path = AISignal.swift; sourceTree = "<group>"; };
		AA000006AA000006AA000006 /* FocusSession.swift */ = {isa = PBXFileReference; lastKnownFileType = sourcecode.swift; path = FocusSession.swift; sourceTree = "<group>"; };
		AA000008AA000008AA000008 /* TaskStoreTests.swift */ = {isa = PBXFileReference; lastKnownFileType = sourcecode.swift; path = TaskStoreTests.swift; sourceTree = "<group>"; };
/* End PBXFileReference section */

/* Begin PBXGroup section */
		1F4DADC091C2B58136D95E7A /* Models */ = {
			isa = PBXGroup;
			children = (
				AA000002AA000002AA000002 /* Task.swift */,
				AA000004AA000004AA000004 /* AISignal.swift */,
				AA000006AA000006AA000006 /* FocusSession.swift */,
			);
			path = Models;
			sourceTree = "<group>";
		};
		22FA9E3B2BA919AE70AA8B08 /* Utilities */ = {
			isa = PBXGroup;
			children = (
				6C0B39830029435A6963D6F0 /* Constants.swift */,
			);
			path = Utilities;
			sourceTree = "<group>";
		};
		2C7EA1E2DF5EAD7B4D255BD9 /* Services */ = {
			isa = PBXGroup;
			children = (
			);
			path = Services;
			sourceTree = "<group>";
		};
		55670AE6B40FBEDE73C256C7 /* Views */ = {
			isa = PBXGroup;
			children = (
			);
			path = Views;
			sourceTree = "<group>";
		};
		B8BF0F86624D39BBDA8D39EA = {
			isa = PBXGroup;
			children = (
				E2AD5A71D8326C913D5D9B0C /* FocusApp */,
				DF3D2C079E106307EDF8ADD9 /* FocusAppTests */,
				C519FE234D02A385451EB78E /* Products */,
			);
			sourceTree = "<group>";
		};
		C519FE234D02A385451EB78E /* Products */ = {
			isa = PBXGroup;
			children = (
				3193A8D7CC777A4A7596D083 /* FocusApp.app */,
				CA0973F43928AA7C174EAFB9 /* FocusAppTests.xctest */,
			);
			name = Products;
			sourceTree = "<group>";
		};
		DF3D2C079E106307EDF8ADD9 /* FocusAppTests */ = {
			isa = PBXGroup;
			children = (
				95F7669E125B6D9A8852951C /* FocusAppTests.swift */,
				AA000008AA000008AA000008 /* TaskStoreTests.swift */,
			);
			path = FocusAppTests;
			sourceTree = "<group>";
		};
		E2AD5A71D8326C913D5D9B0C /* FocusApp */ = {
			isa = PBXGroup;
			children = (
				BDE14446F0A7CACA48E3313D /* FocusAppApp.swift */,
				17E2FF148A09F85B67C525E0 /* Info.plist */,
				1F4DADC091C2B58136D95E7A /* Models */,
				2C7EA1E2DF5EAD7B4D255BD9 /* Services */,
				22FA9E3B2BA919AE70AA8B08 /* Utilities */,
				55670AE6B40FBEDE73C256C7 /* Views */,
			);
			path = FocusApp;
			sourceTree = "<group>";
		};
/* End PBXGroup section */

/* Begin PBXNativeTarget section */
		60937B445C328BA93D78F31B /* FocusApp */ = {
			isa = PBXNativeTarget;
			buildConfigurationList = 939C75588595DD255320799B /* Build configuration list for PBXNativeTarget "FocusApp" */;
			buildPhases = (
				C357E26616D0E81204E3059E /* Sources */,
			);
			buildRules = (
			);
			dependencies = (
			);
			name = FocusApp;
			packageProductDependencies = (
			);
			productName = FocusApp;
			productReference = 3193A8D7CC777A4A7596D083 /* FocusApp.app */;
			productType = "com.apple.product-type.application";
		};
		8B2DB5CED0682AD5EE16C637 /* FocusAppTests */ = {
			isa = PBXNativeTarget;
			buildConfigurationList = 3726F5E000165266FCFF927A /* Build configuration list for PBXNativeTarget "FocusAppTests" */;
			buildPhases = (
				DA300B6346B5F0493AF9B90E /* Sources */,
			);
			buildRules = (
			);
			dependencies = (
				7634CD75D44E261FEBD37579 /* PBXTargetDependency */,
			);
			name = FocusAppTests;
			packageProductDependencies = (
			);
			productName = FocusAppTests;
			productReference = CA0973F43928AA7C174EAFB9 /* FocusAppTests.xctest */;
			productType = "com.apple.product-type.bundle.unit-test";
		};
/* End PBXNativeTarget section */

/* Begin PBXProject section */
		6B2AD92726867B02147F7C9B /* Project object */ = {
			isa = PBXProject;
			attributes = {
				BuildIndependentTargetsInParallel = YES;
				LastUpgradeCheck = 1500;
				TargetAttributes = {
				};
			};
			buildConfigurationList = 8B7E3B8EC1ED371169BEC997 /* Build configuration list for PBXProject "FocusApp" */;
			developmentRegion = en;
			hasScannedForEncodings = 0;
			knownRegions = (
				Base,
				en,
			);
			mainGroup = B8BF0F86624D39BBDA8D39EA;
			minimizedProjectReferenceProxies = 1;
			preferredProjectObjectVersion = 77;
			productRefGroup = C519FE234D02A385451EB78E /* Products */;
			projectDirPath = "";
			projectRoot = "";
			targets = (
				60937B445C328BA93D78F31B /* FocusApp */,
				8B2DB5CED0682AD5EE16C637 /* FocusAppTests */,
			);
		};
/* End PBXProject section */

/* Begin PBXSourcesBuildPhase section */
		C357E26616D0E81204E3059E /* Sources */ = {
			isa = PBXSourcesBuildPhase;
			buildActionMask = 2147483647;
			files = (
				71F6398B6459CC83264AD2E3 /* Constants.swift in Sources */,
				A753AD260653977473757790 /* FocusAppApp.swift in Sources */,
				AA000001AA000001AA000001 /* Task.swift in Sources */,
				AA000003AA000003AA000003 /* AISignal.swift in Sources */,
				AA000005AA000005AA000005 /* FocusSession.swift in Sources */,
			);
			runOnlyForDeploymentPostprocessing = 0;
		};
		DA300B6346B5F0493AF9B90E /* Sources */ = {
			isa = PBXSourcesBuildPhase;
			buildActionMask = 2147483647;
			files = (
				C2FBAC685DC3249691BDB25C /* FocusAppTests.swift in Sources */,
				AA000007AA000007AA000007 /* TaskStoreTests.swift in Sources */,
			);
			runOnlyForDeploymentPostprocessing = 0;
		};
/* End PBXSourcesBuildPhase section */

/* Begin PBXTargetDependency section */
		7634CD75D44E261FEBD37579 /* PBXTargetDependency */ = {
			isa = PBXTargetDependency;
			target = 60937B445C328BA93D78F31B /* FocusApp */;
			targetProxy = 8F4CDA64F12A9AAA1E831559 /* PBXContainerItemProxy */;
		};
/* End PBXTargetDependency section */

/* Begin XCBuildConfiguration section */
		468A4C439FCBE0A9C1755147 /* Release */ = {
			isa = XCBuildConfiguration;
			buildSettings = {
				ASSETCATALOG_COMPILER_APPICON_NAME = AppIcon;
				CODE_SIGN_ENTITLEMENTS = FocusApp/FocusApp.entitlements;
				COMBINE_HIDPI_IMAGES = YES;
				INFOPLIST_FILE = FocusApp/Info.plist;
				LD_RUNPATH_SEARCH_PATHS = (
					"$(inherited)",
					"@executable_path/../Frameworks",
				);
				MACOSX_DEPLOYMENT_TARGET = 13.0;
				PRODUCT_BUNDLE_IDENTIFIER = com.focusapp.FocusApp;
				SDKROOT = macosx;
				SWIFT_VERSION = 5.9;
			};
			name = Release;
		};
		6F398E990BF9AE136CB56E03 /* Release */ = {
			isa = XCBuildConfiguration;
			buildSettings = {
				BUNDLE_LOADER = "$(TEST_HOST)";
				COMBINE_HIDPI_IMAGES = YES;
				GENERATE_INFOPLIST_FILE = YES;
				LD_RUNPATH_SEARCH_PATHS = (
					"$(inherited)",
					"@executable_path/../Frameworks",
					"@loader_path/../Frameworks",
				);
				MACOSX_DEPLOYMENT_TARGET = 13.0;
				PRODUCT_BUNDLE_IDENTIFIER = com.focusapp.FocusAppTests;
				SDKROOT = macosx;
				SWIFT_VERSION = 5.9;
				TEST_HOST = "$(BUILT_PRODUCTS_DIR)/FocusApp.app/Contents/MacOS/FocusApp";
			};
			name = Release;
		};
		8E769234509E430B095D440E /* Debug */ = {
			isa = XCBuildConfiguration;
			buildSettings = {
				ASSETCATALOG_COMPILER_APPICON_NAME = AppIcon;
				CODE_SIGN_ENTITLEMENTS = FocusApp/FocusApp.entitlements;
				COMBINE_HIDPI_IMAGES = YES;
				INFOPLIST_FILE = FocusApp/Info.plist;
				LD_RUNPATH_SEARCH_PATHS = (
					"$(inherited)",
					"@executable_path/../Frameworks",
				);
				MACOSX_DEPLOYMENT_TARGET = 13.0;
				PRODUCT_BUNDLE_IDENTIFIER = com.focusapp.FocusApp;
				SDKROOT = macosx;
				SWIFT_VERSION = 5.9;
			};
			name = Debug;
		};
		A01FBA57187D5B10ECC9662D /* Release */ = {
			isa = XCBuildConfiguration;
			buildSettings = {
				ALWAYS_SEARCH_USER_PATHS = NO;
				CLANG_ANALYZER_NONNULL = YES;
				CLANG_ANALYZER_NUMBER_OBJECT_CONVERSION = YES_AGGRESSIVE;
				CLANG_CXX_LANGUAGE_STANDARD = "gnu++14";
				CLANG_CXX_LIBRARY = "libc++";
				CLANG_ENABLE_MODULES = YES;
				CLANG_ENABLE_OBJC_ARC = YES;
				CLANG_ENABLE_OBJC_WEAK = YES;
				CLANG_WARN_BLOCK_CAPTURE_AUTORELEASING = YES;
				CLANG_WARN_BOOL_CONVERSION = YES;
				CLANG_WARN_COMMA = YES;
				CLANG_WARN_CONSTANT_CONVERSION = YES;
				CLANG_WARN_DEPRECATED_OBJC_IMPLEMENTATIONS = YES;
				CLANG_WARN_DIRECT_OBJC_ISA_USAGE = YES_ERROR;
				CLANG_WARN_DOCUMENTATION_COMMENTS = YES;
				CLANG_WARN_EMPTY_BODY = YES;
				CLANG_WARN_ENUM_CONVERSION = YES;
				CLANG_WARN_INFINITE_RECURSION = YES;
				CLANG_WARN_INT_CONVERSION = YES;
				CLANG_WARN_NON_LITERAL_NULL_CONVERSION = YES;
				CLANG_WARN_OBJC_IMPLICIT_RETAIN_SELF = YES;
				CLANG_WARN_OBJC_LITERAL_CONVERSION = YES;
				CLANG_WARN_OBJC_ROOT_CLASS = YES_ERROR;
				CLANG_WARN_QUOTED_INCLUDE_IN_FRAMEWORK_HEADER = YES;
				CLANG_WARN_RANGE_LOOP_ANALYSIS = YES;
				CLANG_WARN_STRICT_PROTOTYPES = YES;
				CLANG_WARN_SUSPICIOUS_MOVE = YES;
				CLANG_WARN_UNGUARDED_AVAILABILITY = YES_AGGRESSIVE;
				CLANG_WARN_UNREACHABLE_CODE = YES;
				CLANG_WARN__DUPLICATE_METHOD_MATCH = YES;
				COPY_PHASE_STRIP = NO;
				DEBUG_INFORMATION_FORMAT = "dwarf-with-dsym";
				ENABLE_NS_ASSERTIONS = NO;
				ENABLE_STRICT_OBJC_MSGSEND = YES;
				GCC_C_LANGUAGE_STANDARD = gnu11;
				GCC_NO_COMMON_BLOCKS = YES;
				GCC_WARN_64_TO_32_BIT_CONVERSION = YES;
				GCC_WARN_ABOUT_RETURN_TYPE = YES_ERROR;
				GCC_WARN_UNDECLARED_SELECTOR = YES;
				GCC_WARN_UNINITIALIZED_AUTOS = YES_AGGRESSIVE;
				GCC_WARN_UNUSED_FUNCTION = YES;
				GCC_WARN_UNUSED_VARIABLE = YES;
				MACOSX_DEPLOYMENT_TARGET = 13.0;
				MTL_ENABLE_DEBUG_INFO = NO;
				MTL_FAST_MATH = YES;
				PRODUCT_NAME = "$(TARGET_NAME)";
				SDKROOT = macosx;
				SWIFT_COMPILATION_MODE = wholemodule;
				SWIFT_OPTIMIZATION_LEVEL = "-O";
				SWIFT_VERSION = 5.0;
			};
			name = Release;
		};
		DA7D58350907F839CC342815 /* Debug */ = {
			isa = XCBuildConfiguration;
			buildSettings = {
				BUNDLE_LOADER = "$(TEST_HOST)";
				COMBINE_HIDPI_IMAGES = YES;
				GENERATE_INFOPLIST_FILE = YES;
				LD_RUNPATH_SEARCH_PATHS = (
					"$(inherited)",
					"@executable_path/../Frameworks",
					"@loader_path/../Frameworks",
				);
				MACOSX_DEPLOYMENT_TARGET = 13.0;
				PRODUCT_BUNDLE_IDENTIFIER = com.focusapp.FocusAppTests;
				SDKROOT = macosx;
				SWIFT_VERSION = 5.9;
				TEST_HOST = "$(BUILT_PRODUCTS_DIR)/FocusApp.app/Contents/MacOS/FocusApp";
			};
			name = Debug;
		};
		FE9921201655B39FC4F47C69 /* Debug */ = {
			isa = XCBuildConfiguration;
			buildSettings = {
				ALWAYS_SEARCH_USER_PATHS = NO;
				CLANG_ANALYZER_NONNULL = YES;
				CLANG_ANALYZER_NUMBER_OBJECT_CONVERSION = YES_AGGRESSIVE;
				CLANG_CXX_LANGUAGE_STANDARD = "gnu++14";
				CLANG_CXX_LIBRARY = "libc++";
				CLANG_ENABLE_MODULES = YES;
				CLANG_ENABLE_OBJC_ARC = YES;
				CLANG_ENABLE_OBJC_WEAK = YES;
				CLANG_WARN_BLOCK_CAPTURE_AUTORELEASING = YES;
				CLANG_WARN_BOOL_CONVERSION = YES;
				CLANG_WARN_COMMA = YES;
				CLANG_WARN_CONSTANT_CONVERSION = YES;
				CLANG_WARN_DEPRECATED_OBJC_IMPLEMENTATIONS = YES;
				CLANG_WARN_DIRECT_OBJC_ISA_USAGE = YES_ERROR;
				CLANG_WARN_DOCUMENTATION_COMMENTS = YES;
				CLANG_WARN_EMPTY_BODY = YES;
				CLANG_WARN_ENUM_CONVERSION = YES;
				CLANG_WARN_INFINITE_RECURSION = YES;
				CLANG_WARN_INT_CONVERSION = YES;
				CLANG_WARN_NON_LITERAL_NULL_CONVERSION = YES;
				CLANG_WARN_OBJC_IMPLICIT_RETAIN_SELF = YES;
				CLANG_WARN_OBJC_LITERAL_CONVERSION = YES;
				CLANG_WARN_OBJC_ROOT_CLASS = YES_ERROR;
				CLANG_WARN_QUOTED_INCLUDE_IN_FRAMEWORK_HEADER = YES;
				CLANG_WARN_RANGE_LOOP_ANALYSIS = YES;
				CLANG_WARN_STRICT_PROTOTYPES = YES;
				CLANG_WARN_SUSPICIOUS_MOVE = YES;
				CLANG_WARN_UNGUARDED_AVAILABILITY = YES_AGGRESSIVE;
				CLANG_WARN_UNREACHABLE_CODE = YES;
				CLANG_WARN__DUPLICATE_METHOD_MATCH = YES;
				COPY_PHASE_STRIP = NO;
				DEBUG_INFORMATION_FORMAT = dwarf;
				ENABLE_STRICT_OBJC_MSGSEND = YES;
				ENABLE_TESTABILITY = YES;
				GCC_C_LANGUAGE_STANDARD = gnu11;
				GCC_DYNAMIC_NO_PIC = NO;
				GCC_NO_COMMON_BLOCKS = YES;
				GCC_OPTIMIZATION_LEVEL = 0;
				GCC_PREPROCESSOR_DEFINITIONS = (
					"$(inherited)",
					"DEBUG=1",
				);
				GCC_WARN_64_TO_32_BIT_CONVERSION = YES;
				GCC_WARN_ABOUT_RETURN_TYPE = YES_ERROR;
				GCC_WARN_UNDECLARED_SELECTOR = YES;
				GCC_WARN_UNINITIALIZED_AUTOS = YES_AGGRESSIVE;
				GCC_WARN_UNUSED_FUNCTION = YES;
				GCC_WARN_UNUSED_VARIABLE = YES;
				MACOSX_DEPLOYMENT_TARGET = 13.0;
				MTL_ENABLE_DEBUG_INFO = INCLUDE_SOURCE;
				MTL_FAST_MATH = YES;
				ONLY_ACTIVE_ARCH = YES;
				PRODUCT_NAME = "$(TARGET_NAME)";
				SDKROOT = macosx;
				SWIFT_ACTIVE_COMPILATION_CONDITIONS = DEBUG;
				SWIFT_OPTIMIZATION_LEVEL = "-Onone";
				SWIFT_VERSION = 5.0;
			};
			name = Debug;
		};
/* End XCBuildConfiguration section */

/* Begin XCConfigurationList section */
		3726F5E000165266FCFF927A /* Build configuration list for PBXNativeTarget "FocusAppTests" */ = {
			isa = XCConfigurationList;
			buildConfigurations = (
				DA7D58350907F839CC342815 /* Debug */,
				6F398E990BF9AE136CB56E03 /* Release */,
			);
			defaultConfigurationIsVisible = 0;
			defaultConfigurationName = Debug;
		};
		8B7E3B8EC1ED371169BEC997 /* Build configuration list for PBXProject "FocusApp" */ = {
			isa = XCConfigurationList;
			buildConfigurations = (
				FE9921201655B39FC4F47C69 /* Debug */,
				A01FBA57187D5B10ECC9662D /* Release */,
			);
			defaultConfigurationIsVisible = 0;
			defaultConfigurationName = Debug;
		};
		939C75588595DD255320799B /* Build configuration list for PBXNativeTarget "FocusApp" */ = {
			isa = XCConfigurationList;
			buildConfigurations = (
				8E769234509E430B095D440E /* Debug */,
				468A4C439FCBE0A9C1755147 /* Release */,
			);
			defaultConfigurationIsVisible = 0;
			defaultConfigurationName = Debug;
		};
/* End XCConfigurationList section */
	};
	rootObject = 6B2AD92726867B02147F7C9B /* Project object */;
}
