// !$*UTF8*$!
{
	archiveVersion = 1;
	classes = {
	};
	objectVersion = 77;
	objects = {

/* Begin PBXBuildFile section */
		03AC3771F9BC31C6F624A320 /* AIService.swift in Sources */ = {isa = PBXBuildFile; fileRef = 233F012932ACA5D4D85D95CD /* AIService.swift */; };
		088D928739299D0ABC78EC00 /* SessionManagerTests.swift in Sources */ = {isa = PBXBuildFile; fileRef = 5AA368B2E0E0F6F110E64C0C /* SessionManagerTests.swift */; };
		0D52A51A7B47E56FF39832E4 /* NudgeView.swift in Sources */ = {isa = PBXBuildFile; fileRef = E16FC2E38C9E126378DEBB5D /* NudgeView.swift */; };
		10838F21A8F1BA2BBB3A7839 /* EscalationManager.swift in Sources */ = {isa = PBXBuildFile; fileRef = B44F7463ECD13261F8325827 /* EscalationManager.swift */; };
		10FB665F786996A3458919E7 /* FocusSession.swift in Sources */ = {isa = PBXBuildFile; fileRef = F1AB095DB6ACC184DDA323BF /* FocusSession.swift */; };
		11068673606906B346923C69 /* WebSocketServer.swift in Sources */ = {isa = PBXBuildFile; fileRef = 049E01AC349D3E2094C9D4AB /* WebSocketServer.swift */; };
		17A450CABB5F095859F3B842 /* AppMonitor.swift in Sources */ = {isa = PBXBuildFile; fileRef = 2199D30D4CFFD7C6CE87D751 /* AppMonitor.swift */; };
		1DCC1C1A645D38FE71CC4F52 /* background.js in Resources */ = {isa = PBXBuildFile; fileRef = B6AB98C0B4B834218CC85896 /* background.js */; };
		2B004309820152E6E14B3237 /* WebSocketServerTests.swift in Sources */ = {isa = PBXBuildFile; fileRef = 3C82422B2BD5EAB30571596F /* WebSocketServerTests.swift */; };
		34C278768A113ADEAD9C6C66 /* manifest.json in Resources */ = {isa = PBXBuildFile; fileRef = 976039ED576EB90754320AA8 /* manifest.json */; };
		4924ABA7F3DAC6A0DDD5579A /* EscalationManagerTests.swift in Sources */ = {isa = PBXBuildFile; fileRef = C66FECCB0037E278F47FEBF0 /* EscalationManagerTests.swift */; };
		55111BFA5F80DF5FDDC41A1B /* Task.swift in Sources */ = {isa = PBXBuildFile; fileRef = F38478A0BCE2AD2FC38C58A0 /* Task.swift */; };
		6F90BD817B209EF3CC0B545C /* MainWindowView.swift in Sources */ = {isa = PBXBuildFile; fileRef = 8BDC5D3BE4121EEF4FE026CD /* MainWindowView.swift */; };
		71F6398B6459CC83264AD2E3 /* Constants.swift in Sources */ = {isa = PBXBuildFile; fileRef = 6C0B39830029435A6963D6F0 /* Constants.swift */; };
		7B90A5F7BD6E9F78496212AF /* SessionManager.swift in Sources */ = {isa = PBXBuildFile; fileRef = 812869CC816A54F1E214D5E9 /* SessionManager.swift */; };
		7D27E767EF4C3A79DDC91DC0 /* AISignal.swift in Sources */ = {isa = PBXBuildFile; fileRef = 53FEA113B6469CDDD3868BC8 /* AISignal.swift */; };
		7DEABB36EAA0412F3657FB15 /* OverlayWindowController.swift in Sources */ = {isa = PBXBuildFile; fileRef = F329EDBED7D835201678ACC0 /* OverlayWindowController.swift */; };
		9E3620EBAFA02F3AB3453713 /* AIServiceTests.swift in Sources */ = {isa = PBXBuildFile; fileRef = 71DCBB9075CF77450A90173E /* AIServiceTests.swift */; };
		B9E59400966CC483FF3F49FF /* TaskStoreTests.swift in Sources */ = {isa = PBXBuildFile; fileRef = E82DBF699FC96B576E166519 /* TaskStoreTests.swift */; };
		BDF3842D4AAAAC0D3B114B08 /* OverlayView.swift in Sources */ = {isa = PBXBuildFile; fileRef = 32DD097121CD979EA4686F02 /* OverlayView.swift */; };
		C2FBAC685DC3249691BDB25C /* FocusAppTests.swift in Sources */ = {isa = PBXBuildFile; fileRef = 95F7669E125B6D9A8852951C /* FocusAppTests.swift */; };
		C7C16AE6D62865414C621233 /* AppDelegate.swift in Sources */ = {isa = PBXBuildFile; fileRef = 41CA6141F0F790447FB14114 /* AppDelegate.swift */; };
		D7A315771FB1CD80A230F570 /* popup.html in Resources */ = {isa = PBXBuildFile; fileRef = F1BE5B65D28EDF97FA5610E4 /* popup.html */; };
		F9E2ED43F064F821FA872FC1 /* popup.js in Resources */ = {isa = PBXBuildFile; fileRef = 31853E8725FCAD8545AF1169 /* popup.js */; };
		FC4EDC93457DFDD9D560C4AD /* TaskStore.swift in Sources */ = {isa = PBXBuildFile; fileRef = 811B8528E1D403854892E755 /* TaskStore.swift */; };
		FCBAD579CC451FFC1140AA4C /* BlockView.swift in Sources */ = {isa = PBXBuildFile; fileRef = 41ADC7A9EB8FAB03DBA148A1 /* BlockView.swift */; };
/* End PBXBuildFile section */

/* Begin PBXContainerItemProxy section */
		8F4CDA64F12A9AAA1E831559 /* PBXContainerItemProxy */ = {
			isa = PBXContainerItemProxy;
			containerPortal = 6B2AD92726867B02147F7C9B /* Project object */;
			proxyType = 1;
			remoteGlobalIDString = 60937B445C328BA93D78F31B;
			remoteInfo = FocusApp;
		};
/* End PBXContainerItemProxy section */

/* Begin PBXFileReference section */
		049E01AC349D3E2094C9D4AB /* WebSocketServer.swift */ = {isa = PBXFileReference; lastKnownFileType = sourcecode.swift; path = WebSocketServer.swift; sourceTree = "<group>"; };
		17E2FF148A09F85B67C525E0 /* Info.plist */ = {isa = PBXFileReference; lastKnownFileType = text.plist; path = Info.plist; sourceTree = "<group>"; };
		2199D30D4CFFD7C6CE87D751 /* AppMonitor.swift */ = {isa = PBXFileReference; lastKnownFileType = sourcecode.swift; path = AppMonitor.swift; sourceTree = "<group>"; };
		233F012932ACA5D4D85D95CD /* AIService.swift */ = {isa = PBXFileReference; lastKnownFileType = sourcecode.swift; path = AIService.swift; sourceTree = "<group>"; };
		31853E8725FCAD8545AF1169 /* popup.js */ = {isa = PBXFileReference; lastKnownFileType = sourcecode.javascript; path = popup.js; sourceTree = "<group>"; };
		3193A8D7CC777A4A7596D083 /* FocusApp.app */ = {isa = PBXFileReference; explicitFileType = wrapper.application; includeInIndex = 0; path = FocusApp.app; sourceTree = BUILT_PRODUCTS_DIR; };
		32DD097121CD979EA4686F02 /* OverlayView.swift */ = {isa = PBXFileReference; lastKnownFileType = sourcecode.swift; path = OverlayView.swift; sourceTree = "<group>"; };
		3C82422B2BD5EAB30571596F /* WebSocketServerTests.swift */ = {isa = PBXFileReference; lastKnownFileType = sourcecode.swift; path = WebSocketServerTests.swift; sourceTree = "<group>"; };
		41ADC7A9EB8FAB03DBA148A1 /* BlockView.swift */ = {isa = PBXFileReference; lastKnownFileType = sourcecode.swift; path = BlockView.swift; sourceTree = "<group>"; };
		41CA6141F0F790447FB14114 /* AppDelegate.swift */ = {isa = PBXFileReference; lastKnownFileType = sourcecode.swift; path = AppDelegate.swift; sourceTree = "<group>"; };
		53FEA113B6469CDDD3868BC8 /* AISignal.swift */ = {isa = PBXFileReference; lastKnownFileType = sourcecode.swift; path = AISignal.swift; sourceTree = "<group>"; };
		5AA368B2E0E0F6F110E64C0C /* SessionManagerTests.swift */ = {isa = PBXFileReference; lastKnownFileType = sourcecode.swift; path = SessionManagerTests.swift; sourceTree = "<group>"; };
		6C0B39830029435A6963D6F0 /* Constants.swift */ = {isa = PBXFileReference; lastKnownFileType = sourcecode.swift; path = Constants.swift; sourceTree = "<group>"; };
		71DCBB9075CF77450A90173E /* AIServiceTests.swift */ = {isa = PBXFileReference; lastKnownFileType = sourcecode.swift; path = AIServiceTests.swift; sourceTree = "<group>"; };
		811B8528E1D403854892E755 /* TaskStore.swift */ = {isa = PBXFileReference; lastKnownFileType = sourcecode.swift; path = TaskStore.swift; sourceTree = "<group>"; };
		812869CC816A54F1E214D5E9 /* SessionManager.swift */ = {isa = PBXFileReference; lastKnownFileType = sourcecode.swift; path = SessionManager.swift; sourceTree = "<group>"; };
		8BDC5D3BE4121EEF4FE026CD /* MainWindowView.swift */ = {isa = PBXFileReference; lastKnownFileType = sourcecode.swift; path = MainWindowView.swift; sourceTree = "<group>"; };
		95F7669E125B6D9A8852951C /* FocusAppTests.swift */ = {isa = PBXFileReference; lastKnownFileType = sourcecode.swift; path = FocusAppTests.swift; sourceTree = "<group>"; };
		976039ED576EB90754320AA8 /* manifest.json */ = {isa = PBXFileReference; lastKnownFileType = text.json; path = manifest.json; sourceTree = "<group>"; };
		B44F7463ECD13261F8325827 /* EscalationManager.swift */ = {isa = PBXFileReference; lastKnownFileType = sourcecode.swift; path = EscalationManager.swift; sourceTree = "<group>"; };
		B6AB98C0B4B834218CC85896 /* background.js */ = {isa = PBXFileReference; lastKnownFileType = sourcecode.javascript; path = background.js; sourceTree = "<group>"; };
		C66FECCB0037E278F47FEBF0 /* EscalationManagerTests.swift */ = {isa = PBXFileReference; lastKnownFileType = sourcecode.swift; path = EscalationManagerTests.swift; sourceTree = "<group>"; };
		CA0973F43928AA7C174EAFB9 /* FocusAppTests.xctest */ = {isa = PBXFileReference; explicitFileType = wrapper.cfbundle; includeInIndex = 0; path = FocusAppTests.xctest; sourceTree = BUILT_PRODUCTS_DIR; };
		E16FC2E38C9E126378DEBB5D /* NudgeView.swift */ = {isa = PBXFileReference; lastKnownFileType = sourcecode.swift; path = NudgeView.swift; sourceTree = "<group>"; };
		E82DBF699FC96B576E166519 /* TaskStoreTests.swift */ = {isa = PBXFileReference; lastKnownFileType = sourcecode.swift; path = TaskStoreTests.swift; sourceTree = "<group>"; };
		F1AB095DB6ACC184DDA323BF /* FocusSession.swift */ = {isa = PBXFileReference; lastKnownFileType = sourcecode.swift; path = FocusSession.swift; sourceTree = "<group>"; };
		F1BE5B65D28EDF97FA5610E4 /* popup.html */ = {isa = PBXFileReference; lastKnownFileType = text.html; path = popup.html; sourceTree = "<group>"; };
		F329EDBED7D835201678ACC0 /* OverlayWindowController.swift */ = {isa = PBXFileReference; lastKnownFileType = sourcecode.swift; path = OverlayWindowController.swift; sourceTree = "<group>"; };
		F38478A0BCE2AD2FC38C58A0 /* Task.swift */ = {isa = PBXFileReference; lastKnownFileType = sourcecode.swift; path = Task.swift; sourceTree = "<group>"; };
/* End PBXFileReference section */

/* Begin PBXGroup section */
		11D63F0E44AF80C13144AB23 /* Extension */ = {
			isa = PBXGroup;
			children = (
				B6AB98C0B4B834218CC85896 /* background.js */,
				976039ED576EB90754320AA8 /* manifest.json */,
				F1BE5B65D28EDF97FA5610E4 /* popup.html */,
				31853E8725FCAD8545AF1169 /* popup.js */,
			);
			path = Extension;
			sourceTree = "<group>";
		};
		1F4DADC091C2B58136D95E7A /* Models */ = {
			isa = PBXGroup;
			children = (
				53FEA113B6469CDDD3868BC8 /* AISignal.swift */,
				F1AB095DB6ACC184DDA323BF /* FocusSession.swift */,
				F38478A0BCE2AD2FC38C58A0 /* Task.swift */,
			);
			path = Models;
			sourceTree = "<group>";
		};
		22FA9E3B2BA919AE70AA8B08 /* Utilities */ = {
			isa = PBXGroup;
			children = (
				6C0B39830029435A6963D6F0 /* Constants.swift */,
			);
			path = Utilities;
			sourceTree = "<group>";
		};
		2C7EA1E2DF5EAD7B4D255BD9 /* Services */ = {
			isa = PBXGroup;
			children = (
				233F012932ACA5D4D85D95CD /* AIService.swift */,
				2199D30D4CFFD7C6CE87D751 /* AppMonitor.swift */,
				B44F7463ECD13261F8325827 /* EscalationManager.swift */,
				812869CC816A54F1E214D5E9 /* SessionManager.swift */,
				811B8528E1D403854892E755 /* TaskStore.swift */,
				049E01AC349D3E2094C9D4AB /* WebSocketServer.swift */,
			);
			path = Services;
			sourceTree = "<group>";
		};
		55670AE6B40FBEDE73C256C7 /* Views */ = {
			isa = PBXGroup;
			children = (
				41ADC7A9EB8FAB03DBA148A1 /* BlockView.swift */,
				8BDC5D3BE4121EEF4FE026CD /* MainWindowView.swift */,
				E16FC2E38C9E126378DEBB5D /* NudgeView.swift */,
				32DD097121CD979EA4686F02 /* OverlayView.swift */,
				F329EDBED7D835201678ACC0 /* OverlayWindowController.swift */,
			);
			path = Views;
			sourceTree = "<group>";
		};
		B8BF0F86624D39BBDA8D39EA = {
			isa = PBXGroup;
			children = (
				E2AD5A71D8326C913D5D9B0C /* FocusApp */,
				DF3D2C079E106307EDF8ADD9 /* FocusAppTests */,
				C519FE234D02A385451EB78E /* Products */,
			);
			sourceTree = "<group>";
		};
		C519FE234D02A385451EB78E /* Products */ = {
			isa = PBXGroup;
			children = (
				3193A8D7CC777A4A7596D083 /* FocusApp.app */,
				CA0973F43928AA7C174EAFB9 /* FocusAppTests.xctest */,
			);
			name = Products;
			sourceTree = "<group>";
		};
		DF3D2C079E106307EDF8ADD9 /* FocusAppTests */ = {
			isa = PBXGroup;
			children = (
				71DCBB9075CF77450A90173E /* AIServiceTests.swift */,
				C66FECCB0037E278F47FEBF0 /* EscalationManagerTests.swift */,
				95F7669E125B6D9A8852951C /* FocusAppTests.swift */,
				5AA368B2E0E0F6F110E64C0C /* SessionManagerTests.swift */,
				E82DBF699FC96B576E166519 /* TaskStoreTests.swift */,
				3C82422B2BD5EAB30571596F /* WebSocketServerTests.swift */,
			);
			path = FocusAppTests;
			sourceTree = "<group>";
		};
		E2AD5A71D8326C913D5D9B0C /* FocusApp */ = {
			isa = PBXGroup;
			children = (
				41CA6141F0F790447FB14114 /* AppDelegate.swift */,
				17E2FF148A09F85B67C525E0 /* Info.plist */,
				11D63F0E44AF80C13144AB23 /* Extension */,
				1F4DADC091C2B58136D95E7A /* Models */,
				2C7EA1E2DF5EAD7B4D255BD9 /* Services */,
				22FA9E3B2BA919AE70AA8B08 /* Utilities */,
				55670AE6B40FBEDE73C256C7 /* Views */,
			);
			path = FocusApp;
			sourceTree = "<group>";
		};
/* End PBXGroup section */

/* Begin PBXNativeTarget section */
		60937B445C328BA93D78F31B /* FocusApp */ = {
			isa = PBXNativeTarget;
			buildConfigurationList = 939C75588595DD255320799B /* Build configuration list for PBXNativeTarget "FocusApp" */;
			buildPhases = (
				C357E26616D0E81204E3059E /* Sources */,
				DBBF0397F7AC3D603F842908 /* Resources */,
			);
			buildRules = (
			);
			dependencies = (
			);
			name = FocusApp;
			packageProductDependencies = (
			);
			productName = FocusApp;
			productReference = 3193A8D7CC777A4A7596D083 /* FocusApp.app */;
			productType = "com.apple.product-type.application";
		};
		8B2DB5CED0682AD5EE16C637 /* FocusAppTests */ = {
			isa = PBXNativeTarget;
			buildConfigurationList = 3726F5E000165266FCFF927A /* Build configuration list for PBXNativeTarget "FocusAppTests" */;
			buildPhases = (
				DA300B6346B5F0493AF9B90E /* Sources */,
			);
			buildRules = (
			);
			dependencies = (
				7634CD75D44E261FEBD37579 /* PBXTargetDependency */,
			);
			name = FocusAppTests;
			packageProductDependencies = (
			);
			productName = FocusAppTests;
			productReference = CA0973F43928AA7C174EAFB9 /* FocusAppTests.xctest */;
			productType = "com.apple.product-type.bundle.unit-test";
		};
/* End PBXNativeTarget section */

/* Begin PBXProject section */
		6B2AD92726867B02147F7C9B /* Project object */ = {
			isa = PBXProject;
			attributes = {
				BuildIndependentTargetsInParallel = YES;
				LastUpgradeCheck = 1500;
				TargetAttributes = {
				};
			};
			buildConfigurationList = 8B7E3B8EC1ED371169BEC997 /* Build configuration list for PBXProject "FocusApp" */;
			developmentRegion = en;
			hasScannedForEncodings = 0;
			knownRegions = (
				Base,
				en,
			);
			mainGroup = B8BF0F86624D39BBDA8D39EA;
			minimizedProjectReferenceProxies = 1;
			preferredProjectObjectVersion = 77;
			productRefGroup = C519FE234D02A385451EB78E /* Products */;
			projectDirPath = "";
			projectRoot = "";
			targets = (
				60937B445C328BA93D78F31B /* FocusApp */,
				8B2DB5CED0682AD5EE16C637 /* FocusAppTests */,
			);
		};
/* End PBXProject section */

/* Begin PBXResourcesBuildPhase section */
		DBBF0397F7AC3D603F842908 /* Resources */ = {
			isa = PBXResourcesBuildPhase;
			buildActionMask = 2147483647;
			files = (
				1DCC1C1A645D38FE71CC4F52 /* background.js in Resources */,
				34C278768A113ADEAD9C6C66 /* manifest.json in Resources */,
				D7A315771FB1CD80A230F570 /* popup.html in Resources */,
				F9E2ED43F064F821FA872FC1 /* popup.js in Resources */,
			);
			runOnlyForDeploymentPostprocessing = 0;
		};
/* End PBXResourcesBuildPhase section */

/* Begin PBXSourcesBuildPhase section */
		C357E26616D0E81204E3059E /* Sources */ = {
			isa = PBXSourcesBuildPhase;
			buildActionMask = 2147483647;
			files = (
				03AC3771F9BC31C6F624A320 /* AIService.swift in Sources */,
				7D27E767EF4C3A79DDC91DC0 /* AISignal.swift in Sources */,
				C7C16AE6D62865414C621233 /* AppDelegate.swift in Sources */,
				17A450CABB5F095859F3B842 /* AppMonitor.swift in Sources */,
				FCBAD579CC451FFC1140AA4C /* BlockView.swift in Sources */,
				71F6398B6459CC83264AD2E3 /* Constants.swift in Sources */,
				10838F21A8F1BA2BBB3A7839 /* EscalationManager.swift in Sources */,
				10FB665F786996A3458919E7 /* FocusSession.swift in Sources */,
				6F90BD817B209EF3CC0B545C /* MainWindowView.swift in Sources */,
				0D52A51A7B47E56FF39832E4 /* NudgeView.swift in Sources */,
				BDF3842D4AAAAC0D3B114B08 /* OverlayView.swift in Sources */,
				7DEABB36EAA0412F3657FB15 /* OverlayWindowController.swift in Sources */,
				7B90A5F7BD6E9F78496212AF /* SessionManager.swift in Sources */,
				55111BFA5F80DF5FDDC41A1B /* Task.swift in Sources */,
				FC4EDC93457DFDD9D560C4AD /* TaskStore.swift in Sources */,
				11068673606906B346923C69 /* WebSocketServer.swift in Sources */,
			);
			runOnlyForDeploymentPostprocessing = 0;
		};
		DA300B6346B5F0493AF9B90E /* Sources */ = {
			isa = PBXSourcesBuildPhase;
			buildActionMask = 2147483647;
			files = (
				9E3620EBAFA02F3AB3453713 /* AIServiceTests.swift in Sources */,
				4924ABA7F3DAC6A0DDD5579A /* EscalationManagerTests.swift in Sources */,
				C2FBAC685DC3249691BDB25C /* FocusAppTests.swift in Sources */,
				088D928739299D0ABC78EC00 /* SessionManagerTests.swift in Sources */,
				B9E59400966CC483FF3F49FF /* TaskStoreTests.swift in Sources */,
				2B004309820152E6E14B3237 /* WebSocketServerTests.swift in Sources */,
			);
			runOnlyForDeploymentPostprocessing = 0;
		};
/* End PBXSourcesBuildPhase section */

/* Begin PBXTargetDependency section */
		7634CD75D44E261FEBD37579 /* PBXTargetDependency */ = {
			isa = PBXTargetDependency;
			target = 60937B445C328BA93D78F31B /* FocusApp */;
			targetProxy = 8F4CDA64F12A9AAA1E831559 /* PBXContainerItemProxy */;
		};
/* End PBXTargetDependency section */

/* Begin XCBuildConfiguration section */
		468A4C439FCBE0A9C1755147 /* Release */ = {
			isa = XCBuildConfiguration;
			buildSettings = {
				ASSETCATALOG_COMPILER_APPICON_NAME = AppIcon;
				CODE_SIGN_ENTITLEMENTS = FocusApp/FocusApp.entitlements;
				COMBINE_HIDPI_IMAGES = YES;
				INFOPLIST_FILE = FocusApp/Info.plist;
				LD_RUNPATH_SEARCH_PATHS = (
					"$(inherited)",
					"@executable_path/../Frameworks",
				);
				MACOSX_DEPLOYMENT_TARGET = 13.0;
				PRODUCT_BUNDLE_IDENTIFIER = com.focusapp.FocusApp;
				SDKROOT = macosx;
				SWIFT_VERSION = 5.9;
			};
			name = Release;
		};
		6F398E990BF9AE136CB56E03 /* Release */ = {
			isa = XCBuildConfiguration;
			buildSettings = {
				BUNDLE_LOADER = "$(TEST_HOST)";
				COMBINE_HIDPI_IMAGES = YES;
				GENERATE_INFOPLIST_FILE = YES;
				LD_RUNPATH_SEARCH_PATHS = (
					"$(inherited)",
					"@executable_path/../Frameworks",
					"@loader_path/../Frameworks",
				);
				MACOSX_DEPLOYMENT_TARGET = 13.0;
				PRODUCT_BUNDLE_IDENTIFIER = com.focusapp.FocusAppTests;
				SDKROOT = macosx;
				SWIFT_VERSION = 5.9;
				TEST_HOST = "$(BUILT_PRODUCTS_DIR)/FocusApp.app/Contents/MacOS/FocusApp";
			};
			name = Release;
		};
		8E769234509E430B095D440E /* Debug */ = {
			isa = XCBuildConfiguration;
			buildSettings = {
				ASSETCATALOG_COMPILER_APPICON_NAME = AppIcon;
				CODE_SIGN_ENTITLEMENTS = FocusApp/FocusApp.entitlements;
				COMBINE_HIDPI_IMAGES = YES;
				INFOPLIST_FILE = FocusApp/Info.plist;
				LD_RUNPATH_SEARCH_PATHS = (
					"$(inherited)",
					"@executable_path/../Frameworks",
				);
				MACOSX_DEPLOYMENT_TARGET = 13.0;
				PRODUCT_BUNDLE_IDENTIFIER = com.focusapp.FocusApp;
				SDKROOT = macosx;
				SWIFT_VERSION = 5.9;
			};
			name = Debug;
		};
		A01FBA57187D5B10ECC9662D /* Release */ = {
			isa = XCBuildConfiguration;
			buildSettings = {
				ALWAYS_SEARCH_USER_PATHS = NO;
				CLANG_ANALYZER_NONNULL = YES;
				CLANG_ANALYZER_NUMBER_OBJECT_CONVERSION = YES_AGGRESSIVE;
				CLANG_CXX_LANGUAGE_STANDARD = "gnu++14";
				CLANG_CXX_LIBRARY = "libc++";
				CLANG_ENABLE_MODULES = YES;
				CLANG_ENABLE_OBJC_ARC = YES;
				CLANG_ENABLE_OBJC_WEAK = YES;
				CLANG_WARN_BLOCK_CAPTURE_AUTORELEASING = YES;
				CLANG_WARN_BOOL_CONVERSION = YES;
				CLANG_WARN_COMMA = YES;
				CLANG_WARN_CONSTANT_CONVERSION = YES;
				CLANG_WARN_DEPRECATED_OBJC_IMPLEMENTATIONS = YES;
				CLANG_WARN_DIRECT_OBJC_ISA_USAGE = YES_ERROR;
				CLANG_WARN_DOCUMENTATION_COMMENTS = YES;
				CLANG_WARN_EMPTY_BODY = YES;
				CLANG_WARN_ENUM_CONVERSION = YES;
				CLANG_WARN_INFINITE_RECURSION = YES;
				CLANG_WARN_INT_CONVERSION = YES;
				CLANG_WARN_NON_LITERAL_NULL_CONVERSION = YES;
				CLANG_WARN_OBJC_IMPLICIT_RETAIN_SELF = YES;
				CLANG_WARN_OBJC_LITERAL_CONVERSION = YES;
				CLANG_WARN_OBJC_ROOT_CLASS = YES_ERROR;
				CLANG_WARN_QUOTED_INCLUDE_IN_FRAMEWORK_HEADER = YES;
				CLANG_WARN_RANGE_LOOP_ANALYSIS = YES;
				CLANG_WARN_STRICT_PROTOTYPES = YES;
				CLANG_WARN_SUSPICIOUS_MOVE = YES;
				CLANG_WARN_UNGUARDED_AVAILABILITY = YES_AGGRESSIVE;
				CLANG_WARN_UNREACHABLE_CODE = YES;
				CLANG_WARN__DUPLICATE_METHOD_MATCH = YES;
				COPY_PHASE_STRIP = NO;
				DEBUG_INFORMATION_FORMAT = "dwarf-with-dsym";
				ENABLE_NS_ASSERTIONS = NO;
				ENABLE_STRICT_OBJC_MSGSEND = YES;
				GCC_C_LANGUAGE_STANDARD = gnu11;
				GCC_NO_COMMON_BLOCKS = YES;
				GCC_WARN_64_TO_32_BIT_CONVERSION = YES;
				GCC_WARN_ABOUT_RETURN_TYPE = YES_ERROR;
				GCC_WARN_UNDECLARED_SELECTOR = YES;
				GCC_WARN_UNINITIALIZED_AUTOS = YES_AGGRESSIVE;
				GCC_WARN_UNUSED_FUNCTION = YES;
				GCC_WARN_UNUSED_VARIABLE = YES;
				MACOSX_DEPLOYMENT_TARGET = 13.0;
				MTL_ENABLE_DEBUG_INFO = NO;
				MTL_FAST_MATH = YES;
				PRODUCT_NAME = "$(TARGET_NAME)";
				SDKROOT = macosx;
				SWIFT_COMPILATION_MODE = wholemodule;
				SWIFT_OPTIMIZATION_LEVEL = "-O";
				SWIFT_VERSION = 5.0;
			};
			name = Release;
		};
		DA7D58350907F839CC342815 /* Debug */ = {
			isa = XCBuildConfiguration;
			buildSettings = {
				BUNDLE_LOADER = "$(TEST_HOST)";
				COMBINE_HIDPI_IMAGES = YES;
				GENERATE_INFOPLIST_FILE = YES;
				LD_RUNPATH_SEARCH_PATHS = (
					"$(inherited)",
					"@executable_path/../Frameworks",
					"@loader_path/../Frameworks",
				);
				MACOSX_DEPLOYMENT_TARGET = 13.0;
				PRODUCT_BUNDLE_IDENTIFIER = com.focusapp.FocusAppTests;
				SDKROOT = macosx;
				SWIFT_VERSION = 5.9;
				TEST_HOST = "$(BUILT_PRODUCTS_DIR)/FocusApp.app/Contents/MacOS/FocusApp";
			};
			name = Debug;
		};
		FE9921201655B39FC4F47C69 /* Debug */ = {
			isa = XCBuildConfiguration;
			buildSettings = {
				ALWAYS_SEARCH_USER_PATHS = NO;
				CLANG_ANALYZER_NONNULL = YES;
				CLANG_ANALYZER_NUMBER_OBJECT_CONVERSION = YES_AGGRESSIVE;
				CLANG_CXX_LANGUAGE_STANDARD = "gnu++14";
				CLANG_CXX_LIBRARY = "libc++";
				CLANG_ENABLE_MODULES = YES;
				CLANG_ENABLE_OBJC_ARC = YES;
				CLANG_ENABLE_OBJC_WEAK = YES;
				CLANG_WARN_BLOCK_CAPTURE_AUTORELEASING = YES;
				CLANG_WARN_BOOL_CONVERSION = YES;
				CLANG_WARN_COMMA = YES;
				CLANG_WARN_CONSTANT_CONVERSION = YES;
				CLANG_WARN_DEPRECATED_OBJC_IMPLEMENTATIONS = YES;
				CLANG_WARN_DIRECT_OBJC_ISA_USAGE = YES_ERROR;
				CLANG_WARN_DOCUMENTATION_COMMENTS = YES;
				CLANG_WARN_EMPTY_BODY = YES;
				CLANG_WARN_ENUM_CONVERSION = YES;
				CLANG_WARN_INFINITE_RECURSION = YES;
				CLANG_WARN_INT_CONVERSION = YES;
				CLANG_WARN_NON_LITERAL_NULL_CONVERSION = YES;
				CLANG_WARN_OBJC_IMPLICIT_RETAIN_SELF = YES;
				CLANG_WARN_OBJC_LITERAL_CONVERSION = YES;
				CLANG_WARN_OBJC_ROOT_CLASS = YES_ERROR;
				CLANG_WARN_QUOTED_INCLUDE_IN_FRAMEWORK_HEADER = YES;
				CLANG_WARN_RANGE_LOOP_ANALYSIS = YES;
				CLANG_WARN_STRICT_PROTOTYPES = YES;
				CLANG_WARN_SUSPICIOUS_MOVE = YES;
				CLANG_WARN_UNGUARDED_AVAILABILITY = YES_AGGRESSIVE;
				CLANG_WARN_UNREACHABLE_CODE = YES;
				CLANG_WARN__DUPLICATE_METHOD_MATCH = YES;
				COPY_PHASE_STRIP = NO;
				DEBUG_INFORMATION_FORMAT = dwarf;
				ENABLE_STRICT_OBJC_MSGSEND = YES;
				ENABLE_TESTABILITY = YES;
				GCC_C_LANGUAGE_STANDARD = gnu11;
				GCC_DYNAMIC_NO_PIC = NO;
				GCC_NO_COMMON_BLOCKS = YES;
				GCC_OPTIMIZATION_LEVEL = 0;
				GCC_PREPROCESSOR_DEFINITIONS = (
					"$(inherited)",
					"DEBUG=1",
				);
				GCC_WARN_64_TO_32_BIT_CONVERSION = YES;
				GCC_WARN_ABOUT_RETURN_TYPE = YES_ERROR;
				GCC_WARN_UNDECLARED_SELECTOR = YES;
				GCC_WARN_UNINITIALIZED_AUTOS = YES_AGGRESSIVE;
				GCC_WARN_UNUSED_FUNCTION = YES;
				GCC_WARN_UNUSED_VARIABLE = YES;
				MACOSX_DEPLOYMENT_TARGET = 13.0;
				MTL_ENABLE_DEBUG_INFO = INCLUDE_SOURCE;
				MTL_FAST_MATH = YES;
				ONLY_ACTIVE_ARCH = YES;
				PRODUCT_NAME = "$(TARGET_NAME)";
				SDKROOT = macosx;
				SWIFT_ACTIVE_COMPILATION_CONDITIONS = DEBUG;
				SWIFT_OPTIMIZATION_LEVEL = "-Onone";
				SWIFT_VERSION = 5.0;
			};
			name = Debug;
		};
/* End XCBuildConfiguration section */

/* Begin XCConfigurationList section */
		3726F5E000165266FCFF927A /* Build configuration list for PBXNativeTarget "FocusAppTests" */ = {
			isa = XCConfigurationList;
			buildConfigurations = (
				DA7D58350907F839CC342815 /* Debug */,
				6F398E990BF9AE136CB56E03 /* Release */,
			);
			defaultConfigurationIsVisible = 0;
			defaultConfigurationName = Debug;
		};
		8B7E3B8EC1ED371169BEC997 /* Build configuration list for PBXProject "FocusApp" */ = {
			isa = XCConfigurationList;
			buildConfigurations = (
				FE9921201655B39FC4F47C69 /* Debug */,
				A01FBA57187D5B10ECC9662D /* Release */,
			);
			defaultConfigurationIsVisible = 0;
			defaultConfigurationName = Debug;
		};
		939C75588595DD255320799B /* Build configuration list for PBXNativeTarget "FocusApp" */ = {
			isa = XCConfigurationList;
			buildConfigurations = (
				8E769234509E430B095D440E /* Debug */,
				468A4C439FCBE0A9C1755147 /* Release */,
			);
			defaultConfigurationIsVisible = 0;
			defaultConfigurationName = Debug;
		};
/* End XCConfigurationList section */
	};
	rootObject = 6B2AD92726867B02147F7C9B /* Project object */;
}
